// !$*UTF8*$!
{
	archiveVersion = 1;
	classes = {
	};
	objectVersion = 46;
	objects = {

/* Begin PBXBuildFile section */
		CC57D7751D1777CE00FCAACE /* AppDelegate.swift in Sources */ = {isa = PBXBuildFile; fileRef = CC57D7741D1777CE00FCAACE /* AppDelegate.swift */; };
		CC57D7771D1777CF00FCAACE /* ViewController.swift in Sources */ = {isa = PBXBuildFile; fileRef = CC57D7761D1777CF00FCAACE /* ViewController.swift */; };
		CC57D77A1D1777CF00FCAACE /* Main.storyboard in Resources */ = {isa = PBXBuildFile; fileRef = CC57D7781D1777CF00FCAACE /* Main.storyboard */; };
		CC57D77C1D1777CF00FCAACE /* Assets.xcassets in Resources */ = {isa = PBXBuildFile; fileRef = CC57D77B1D1777CF00FCAACE /* Assets.xcassets */; };
		CC57D77F1D1777CF00FCAACE /* LaunchScreen.storyboard in Resources */ = {isa = PBXBuildFile; fileRef = CC57D77D1D1777CF00FCAACE /* LaunchScreen.storyboard */; };
		CC57D78A1D1777CF00FCAACE /* TiptipTests.swift in Sources */ = {isa = PBXBuildFile; fileRef = CC57D7891D1777CF00FCAACE /* TiptipTests.swift */; };
		CC57D7951D1777CF00FCAACE /* TiptipUITests.swift in Sources */ = {isa = PBXBuildFile; fileRef = CC57D7941D1777CF00FCAACE /* TiptipUITests.swift */; };
/* End PBXBuildFile section */

/* Begin PBXContainerItemProxy section */
		CC57D7861D1777CF00FCAACE /* PBXContainerItemProxy */ = {
			isa = PBXContainerItemProxy;
			containerPortal = CC57D7691D1777CE00FCAACE /* Project object */;
			proxyType = 1;
			remoteGlobalIDString = CC57D7701D1777CE00FCAACE;
			remoteInfo = Tiptip;
		};
		CC57D7911D1777CF00FCAACE /* PBXContainerItemProxy */ = {
			isa = PBXContainerItemProxy;
			containerPortal = CC57D7691D1777CE00FCAACE /* Project object */;
			proxyType = 1;
			remoteGlobalIDString = CC57D7701D1777CE00FCAACE;
			remoteInfo = Tiptip;
		};
/* End PBXContainerItemProxy section */

/* Begin PBXFileReference section */
		CC57D7711D1777CE00FCAACE /* Tiptip.app */ = {isa = PBXFileReference; explicitFileType = wrapper.application; includeInIndex = 0; path = Tiptip.app; sourceTree = BUILT_PRODUCTS_DIR; };
		CC57D7741D1777CE00FCAACE /* AppDelegate.swift */ = {isa = PBXFileReference; lastKnownFileType = sourcecode.swift; path = AppDelegate.swift; sourceTree = "<group>"; };
		CC57D7761D1777CF00FCAACE /* ViewController.swift */ = {isa = PBXFileReference; lastKnownFileType = sourcecode.swift; path = ViewController.swift; sourceTree = "<group>"; };
		CC57D7791D1777CF00FCAACE /* Base */ = {isa = PBXFileReference; lastKnownFileType = file.storyboard; name = Base; path = Base.lproj/Main.storyboard; sourceTree = "<group>"; };
		CC57D77B1D1777CF00FCAACE /* Assets.xcassets */ = {isa = PBXFileReference; lastKnownFileType = folder.assetcatalog; path = Assets.xcassets; sourceTree = "<group>"; };
		CC57D77E1D1777CF00FCAACE /* Base */ = {isa = PBXFileReference; lastKnownFileType = file.storyboard; name = Base; path = Base.lproj/LaunchScreen.storyboard; sourceTree = "<group>"; };
		CC57D7801D1777CF00FCAACE /* Info.plist */ = {isa = PBXFileReference; lastKnownFileType = text.plist.xml; path = Info.plist; sourceTree = "<group>"; };
		CC57D7851D1777CF00FCAACE /* TiptipTests.xctest */ = {isa = PBXFileReference; explicitFileType = wrapper.cfbundle; includeInIndex = 0; path = TiptipTests.xctest; sourceTree = BUILT_PRODUCTS_DIR; };
		CC57D7891D1777CF00FCAACE /* TiptipTests.swift */ = {isa = PBXFileReference; lastKnownFileType = sourcecode.swift; path = TiptipTests.swift; sourceTree = "<group>"; };
		CC57D78B1D1777CF00FCAACE /* Info.plist */ = {isa = PBXFileReference; lastKnownFileType = text.plist.xml; path = Info.plist; sourceTree = "<group>"; };
		CC57D7901D1777CF00FCAACE /* TiptipUITests.xctest */ = {isa = PBXFileReference; explicitFileType = wrapper.cfbundle; includeInIndex = 0; path = TiptipUITests.xctest; sourceTree = BUILT_PRODUCTS_DIR; };
		CC57D7941D1777CF00FCAACE /* TiptipUITests.swift */ = {isa = PBXFileReference; lastKnownFileType = sourcecode.swift; path = TiptipUITests.swift; sourceTree = "<group>"; };
		CC57D7961D1777CF00FCAACE /* Info.plist */ = {isa = PBXFileReference; lastKnownFileType = text.plist.xml; path = Info.plist; sourceTree = "<group>"; };
/* End PBXFileReference section */

/* Begin PBXFrameworksBuildPhase section */
		CC57D76E1D1777CE00FCAACE /* Frameworks */ = {
			isa = PBXFrameworksBuildPhase;
			buildActionMask = 2147483647;
			files = (
			);
			runOnlyForDeploymentPostprocessing = 0;
		};
		CC57D7821D1777CF00FCAACE /* Frameworks */ = {
			isa = PBXFrameworksBuildPhase;
			buildActionMask = 2147483647;
			files = (
			);
			runOnlyForDeploymentPostprocessing = 0;
		};
		CC57D78D1D1777CF00FCAACE /* Frameworks */ = {
			isa = PBXFrameworksBuildPhase;
			buildActionMask = 2147483647;
			files = (
			);
			runOnlyForDeploymentPostprocessing = 0;
		};
/* End PBXFrameworksBuildPhase section */

/* Begin PBXGroup section */
		CC57D7681D1777CE00FCAACE = {
			isa = PBXGroup;
			children = (
				CC57D7731D1777CE00FCAACE /* Tiptip */,
				CC57D7881D1777CF00FCAACE /* TiptipTests */,
				CC57D7931D1777CF00FCAACE /* TiptipUITests */,
				CC57D7721D1777CE00FCAACE /* Products */,
			);
			sourceTree = "<group>";
		};
		CC57D7721D1777CE00FCAACE /* Products */ = {
			isa = PBXGroup;
			children = (
				CC57D7711D1777CE00FCAACE /* Tiptip.app */,
				CC57D7851D1777CF00FCAACE /* TiptipTests.xctest */,
				CC57D7901D1777CF00FCAACE /* TiptipUITests.xctest */,
			);
			name = Products;
			sourceTree = "<group>";
		};
		CC57D7731D1777CE00FCAACE /* Tiptip */ = {
			isa = PBXGroup;
			children = (
				CC57D7741D1777CE00FCAACE /* AppDelegate.swift */,
				CC57D7761D1777CF00FCAACE /* ViewController.swift */,
				CC57D7781D1777CF00FCAACE /* Main.storyboard */,
				CC57D77B1D1777CF00FCAACE /* Assets.xcassets */,
				CC57D77D1D1777CF00FCAACE /* LaunchScreen.storyboard */,
				CC57D7801D1777CF00FCAACE /* Info.plist */,
			);
			path = Tiptip;
			sourceTree = "<group>";
		};
		CC57D7881D1777CF00FCAACE /* TiptipTests */ = {
			isa = PBXGroup;
			children = (
				CC57D7891D1777CF00FCAACE /* TiptipTests.swift */,
				CC57D78B1D1777CF00FCAACE /* Info.plist */,
			);
			path = TiptipTests;
			sourceTree = "<group>";
		};
		CC57D7931D1777CF00FCAACE /* TiptipUITests */ = {
			isa = PBXGroup;
			children = (
				CC57D7941D1777CF00FCAACE /* TiptipUITests.swift */,
				CC57D7961D1777CF00FCAACE /* Info.plist */,
			);
			path = TiptipUITests;
			sourceTree = "<group>";
		};
/* End PBXGroup section */

/* Begin PBXNativeTarget section */
		CC57D7701D1777CE00FCAACE /* Tiptip */ = {
			isa = PBXNativeTarget;
			buildConfigurationList = CC57D7991D1777CF00FCAACE /* Build configuration list for PBXNativeTarget "Tiptip" */;
			buildPhases = (
				CC57D76D1D1777CE00FCAACE /* Sources */,
				CC57D76E1D1777CE00FCAACE /* Frameworks */,
				CC57D76F1D1777CE00FCAACE /* Resources */,
			);
			buildRules = (
			);
			dependencies = (
			);
			name = Tiptip;
			productName = Tiptip;
			productReference = CC57D7711D1777CE00FCAACE /* Tiptip.app */;
			productType = "com.apple.product-type.application";
		};
		CC57D7841D1777CF00FCAACE /* TiptipTests */ = {
			isa = PBXNativeTarget;
			buildConfigurationList = CC57D79C1D1777CF00FCAACE /* Build configuration list for PBXNativeTarget "TiptipTests" */;
			buildPhases = (
				CC57D7811D1777CF00FCAACE /* Sources */,
				CC57D7821D1777CF00FCAACE /* Frameworks */,
				CC57D7831D1777CF00FCAACE /* Resources */,
			);
			buildRules = (
			);
			dependencies = (
				CC57D7871D1777CF00FCAACE /* PBXTargetDependency */,
			);
			name = TiptipTests;
			productName = TiptipTests;
			productReference = CC57D7851D1777CF00FCAACE /* TiptipTests.xctest */;
			productType = "com.apple.product-type.bundle.unit-test";
		};
		CC57D78F1D1777CF00FCAACE /* TiptipUITests */ = {
			isa = PBXNativeTarget;
			buildConfigurationList = CC57D79F1D1777CF00FCAACE /* Build configuration list for PBXNativeTarget "TiptipUITests" */;
			buildPhases = (
				CC57D78C1D1777CF00FCAACE /* Sources */,
				CC57D78D1D1777CF00FCAACE /* Frameworks */,
				CC57D78E1D1777CF00FCAACE /* Resources */,
			);
			buildRules = (
			);
			dependencies = (
				CC57D7921D1777CF00FCAACE /* PBXTargetDependency */,
			);
			name = TiptipUITests;
			productName = TiptipUITests;
			productReference = CC57D7901D1777CF00FCAACE /* TiptipUITests.xctest */;
			productType = "com.apple.product-type.bundle.ui-testing";
		};
/* End PBXNativeTarget section */

/* Begin PBXProject section */
		CC57D7691D1777CE00FCAACE /* Project object */ = {
			isa = PBXProject;
			attributes = {
				LastSwiftUpdateCheck = 0730;
				LastUpgradeCheck = 0730;
				ORGANIZATIONNAME = Rachel;
				TargetAttributes = {
					CC57D7701D1777CE00FCAACE = {
						CreatedOnToolsVersion = 7.3.1;
					};
					CC57D7841D1777CF00FCAACE = {
						CreatedOnToolsVersion = 7.3.1;
						DevelopmentTeam = MZ7HDQB3L9;
						TestTargetID = CC57D7701D1777CE00FCAACE;
					};
					CC57D78F1D1777CF00FCAACE = {
						CreatedOnToolsVersion = 7.3.1;
						DevelopmentTeam = MZ7HDQB3L9;
						TestTargetID = CC57D7701D1777CE00FCAACE;
					};
				};
			};
			buildConfigurationList = CC57D76C1D1777CE00FCAACE /* Build configuration list for PBXProject "Tiptip" */;
			compatibilityVersion = "Xcode 3.2";
			developmentRegion = English;
			hasScannedForEncodings = 0;
			knownRegions = (
				en,
				Base,
			);
			mainGroup = CC57D7681D1777CE00FCAACE;
			productRefGroup = CC57D7721D1777CE00FCAACE /* Products */;
			projectDirPath = "";
			projectRoot = "";
			targets = (
				CC57D7701D1777CE00FCAACE /* Tiptip */,
				CC57D7841D1777CF00FCAACE /* TiptipTests */,
				CC57D78F1D1777CF00FCAACE /* TiptipUITests */,
			);
		};
/* End PBXProject section */

/* Begin PBXResourcesBuildPhase section */
		CC57D76F1D1777CE00FCAACE /* Resources */ = {
			isa = PBXResourcesBuildPhase;
			buildActionMask = 2147483647;
			files = (
				CC57D77F1D1777CF00FCAACE /* LaunchScreen.storyboard in Resources */,
				CC57D77C1D1777CF00FCAACE /* Assets.xcassets in Resources */,
				CC57D77A1D1777CF00FCAACE /* Main.storyboard in Resources */,
			);
			runOnlyForDeploymentPostprocessing = 0;
		};
		CC57D7831D1777CF00FCAACE /* Resources */ = {
			isa = PBXResourcesBuildPhase;
			buildActionMask = 2147483647;
			files = (
			);
			runOnlyForDeploymentPostprocessing = 0;
		};
		CC57D78E1D1777CF00FCAACE /* Resources */ = {
			isa = PBXResourcesBuildPhase;
			buildActionMask = 2147483647;
			files = (
			);
			runOnlyForDeploymentPostprocessing = 0;
		};
/* End PBXResourcesBuildPhase section */

/* Begin PBXSourcesBuildPhase section */
		CC57D76D1D1777CE00FCAACE /* Sources */ = {
			isa = PBXSourcesBuildPhase;
			buildActionMask = 2147483647;
			files = (
				CC57D7771D1777CF00FCAACE /* ViewController.swift in Sources */,
				CC57D7751D1777CE00FCAACE /* AppDelegate.swift in Sources */,
			);
			runOnlyForDeploymentPostprocessing = 0;
		};
		CC57D7811D1777CF00FCAACE /* Sources */ = {
			isa = PBXSourcesBuildPhase;
			buildActionMask = 2147483647;
			files = (
				CC57D78A1D1777CF00FCAACE /* TiptipTests.swift in Sources */,
			);
			runOnlyForDeploymentPostprocessing = 0;
		};
		CC57D78C1D1777CF00FCAACE /* Sources */ = {
			isa = PBXSourcesBuildPhase;
			buildActionMask = 2147483647;
			files = (
				CC57D7951D1777CF00FCAACE /* TiptipUITests.swift in Sources */,
			);
			runOnlyForDeploymentPostprocessing = 0;
		};
/* End PBXSourcesBuildPhase section */

/* Begin PBXTargetDependency section */
		CC57D7871D1777CF00FCAACE /* PBXTargetDependency */ = {
			isa = PBXTargetDependency;
			target = CC57D7701D1777CE00FCAACE /* Tiptip */;
			targetProxy = CC57D7861D1777CF00FCAACE /* PBXContainerItemProxy */;
		};
		CC57D7921D1777CF00FCAACE /* PBXTargetDependency */ = {
			isa = PBXTargetDependency;
			target = CC57D7701D1777CE00FCAACE /* Tiptip */;
			targetProxy = CC57D7911D1777CF00FCAACE /* PBXContainerItemProxy */;
		};
/* End PBXTargetDependency section */

/* Begin PBXVariantGroup section */
		CC57D7781D1777CF00FCAACE /* Main.storyboard */ = {
			isa = PBXVariantGroup;
			children = (
				CC57D7791D1777CF00FCAACE /* Base */,
			);
			name = Main.storyboard;
			sourceTree = "<group>";
		};
		CC57D77D1D1777CF00FCAACE /* LaunchScreen.storyboard */ = {
			isa = PBXVariantGroup;
			children = (
				CC57D77E1D1777CF00FCAACE /* Base */,
			);
			name = LaunchScreen.storyboard;
			sourceTree = "<group>";
		};
/* End PBXVariantGroup section */

/* Begin XCBuildConfiguration section */
		CC57D7971D1777CF00FCAACE /* Debug */ = {
			isa = XCBuildConfiguration;
			buildSettings = {
				ALWAYS_SEARCH_USER_PATHS = NO;
				CLANG_ANALYZER_NONNULL = YES;
				CLANG_CXX_LANGUAGE_STANDARD = "gnu++0x";
				CLANG_CXX_LIBRARY = "libc++";
				CLANG_ENABLE_MODULES = YES;
				CLANG_ENABLE_OBJC_ARC = YES;
				CLANG_WARN_BOOL_CONVERSION = YES;
				CLANG_WARN_CONSTANT_CONVERSION = YES;
				CLANG_WARN_DIRECT_OBJC_ISA_USAGE = YES_ERROR;
				CLANG_WARN_EMPTY_BODY = YES;
				CLANG_WARN_ENUM_CONVERSION = YES;
				CLANG_WARN_INT_CONVERSION = YES;
				CLANG_WARN_OBJC_ROOT_CLASS = YES_ERROR;
				CLANG_WARN_UNREACHABLE_CODE = YES;
				CLANG_WARN__DUPLICATE_METHOD_MATCH = YES;
				"CODE_SIGN_IDENTITY[sdk=iphoneos*]" = "iPhone Developer";
				COPY_PHASE_STRIP = NO;
				DEBUG_INFORMATION_FORMAT = dwarf;
				ENABLE_STRICT_OBJC_MSGSEND = YES;
				ENABLE_TESTABILITY = YES;
				GCC_C_LANGUAGE_STANDARD = gnu99;
				GCC_DYNAMIC_NO_PIC = NO;
				GCC_NO_COMMON_BLOCKS = YES;
				GCC_OPTIMIZATION_LEVEL = 0;
				GCC_PREPROCESSOR_DEFINITIONS = (
					"DEBUG=1",
					"$(inherited)",
				);
				GCC_WARN_64_TO_32_BIT_CONVERSION = YES;
				GCC_WARN_ABOUT_RETURN_TYPE = YES_ERROR;
				GCC_WARN_UNDECLARED_SELECTOR = YES;
				GCC_WARN_UNINITIALIZED_AUTOS = YES_AGGRESSIVE;
				GCC_WARN_UNUSED_FUNCTION = YES;
				GCC_WARN_UNUSED_VARIABLE = YES;
				IPHONEOS_DEPLOYMENT_TARGET = 9.3;
				MTL_ENABLE_DEBUG_INFO = YES;
				ONLY_ACTIVE_ARCH = YES;
				SDKROOT = iphoneos;
				SWIFT_OPTIMIZATION_LEVEL = "-Onone";
			};
			name = Debug;
		};
		CC57D7981D1777CF00FCAACE /* Release */ = {
			isa = XCBuildConfiguration;
			buildSettings = {
				ALWAYS_SEARCH_USER_PATHS = NO;
				CLANG_ANALYZER_NONNULL = YES;
				CLANG_CXX_LANGUAGE_STANDARD = "gnu++0x";
				CLANG_CXX_LIBRARY = "libc++";
				CLANG_ENABLE_MODULES = YES;
				CLANG_ENABLE_OBJC_ARC = YES;
				CLANG_WARN_BOOL_CONVERSION = YES;
				CLANG_WARN_CONSTANT_CONVERSION = YES;
				CLANG_WARN_DIRECT_OBJC_ISA_USAGE = YES_ERROR;
				CLANG_WARN_EMPTY_BODY = YES;
				CLANG_WARN_ENUM_CONVERSION = YES;
				CLANG_WARN_INT_CONVERSION = YES;
				CLANG_WARN_OBJC_ROOT_CLASS = YES_ERROR;
				CLANG_WARN_UNREACHABLE_CODE = YES;
				CLANG_WARN__DUPLICATE_METHOD_MATCH = YES;
				"CODE_SIGN_IDENTITY[sdk=iphoneos*]" = "iPhone Developer";
				COPY_PHASE_STRIP = NO;
				DEBUG_INFORMATION_FORMAT = "dwarf-with-dsym";
				ENABLE_NS_ASSERTIONS = NO;
				ENABLE_STRICT_OBJC_MSGSEND = YES;
				GCC_C_LANGUAGE_STANDARD = gnu99;
				GCC_NO_COMMON_BLOCKS = YES;
				GCC_WARN_64_TO_32_BIT_CONVERSION = YES;
				GCC_WARN_ABOUT_RETURN_TYPE = YES_ERROR;
				GCC_WARN_UNDECLARED_SELECTOR = YES;
				GCC_WARN_UNINITIALIZED_AUTOS = YES_AGGRESSIVE;
				GCC_WARN_UNUSED_FUNCTION = YES;
				GCC_WARN_UNUSED_VARIABLE = YES;
				IPHONEOS_DEPLOYMENT_TARGET = 9.3;
				MTL_ENABLE_DEBUG_INFO = NO;
				SDKROOT = iphoneos;
				VALIDATE_PRODUCT = YES;
			};
			name = Release;
		};
		CC57D79A1D1777CF00FCAACE /* Debug */ = {
			isa = XCBuildConfiguration;
			buildSettings = {
				ASSETCATALOG_COMPILER_APPICON_NAME = AppIcon;
				CODE_SIGN_IDENTITY = "iPhone Developer";
				INFOPLIST_FILE = Tiptip/Info.plist;
				IPHONEOS_DEPLOYMENT_TARGET = 9.0;
				LD_RUNPATH_SEARCH_PATHS = "$(inherited) @executable_path/Frameworks";
				PRODUCT_BUNDLE_IDENTIFIER = rachel.Tiptip;
				PRODUCT_NAME = "$(TARGET_NAME)";
			};
			name = Debug;
		};
		CC57D79B1D1777CF00FCAACE /* Release */ = {
			isa = XCBuildConfiguration;
			buildSettings = {
				ASSETCATALOG_COMPILER_APPICON_NAME = AppIcon;
				CODE_SIGN_IDENTITY = "iPhone Developer";
				INFOPLIST_FILE = Tiptip/Info.plist;
				IPHONEOS_DEPLOYMENT_TARGET = 9.0;
				LD_RUNPATH_SEARCH_PATHS = "$(inherited) @executable_path/Frameworks";
				PRODUCT_BUNDLE_IDENTIFIER = rachel.Tiptip;
				PRODUCT_NAME = "$(TARGET_NAME)";
			};
			name = Release;
		};
		CC57D79D1D1777CF00FCAACE /* Debug */ = {
			isa = XCBuildConfiguration;
			buildSettings = {
				BUNDLE_LOADER = "$(TEST_HOST)";
				INFOPLIST_FILE = TiptipTests/Info.plist;
				LD_RUNPATH_SEARCH_PATHS = "$(inherited) @executable_path/Frameworks @loader_path/Frameworks";
				PRODUCT_BUNDLE_IDENTIFIER = rachel.TiptipTests;
				PRODUCT_NAME = "$(TARGET_NAME)";
				TEST_HOST = "$(BUILT_PRODUCTS_DIR)/Tiptip.app/Tiptip";
			};
			name = Debug;
		};
		CC57D79E1D1777CF00FCAACE /* Release */ = {
			isa = XCBuildConfiguration;
			buildSettings = {
				BUNDLE_LOADER = "$(TEST_HOST)";
				INFOPLIST_FILE = TiptipTests/Info.plist;
				LD_RUNPATH_SEARCH_PATHS = "$(inherited) @executable_path/Frameworks @loader_path/Frameworks";
				PRODUCT_BUNDLE_IDENTIFIER = rachel.TiptipTests;
				PRODUCT_NAME = "$(TARGET_NAME)";
				TEST_HOST = "$(BUILT_PRODUCTS_DIR)/Tiptip.app/Tiptip";
			};
			name = Release;
		};
		CC57D7A01D1777CF00FCAACE /* Debug */ = {
			isa = XCBuildConfiguration;
			buildSettings = {
				INFOPLIST_FILE = TiptipUITests/Info.plist;
				LD_RUNPATH_SEARCH_PATHS = "$(inherited) @executable_path/Frameworks @loader_path/Frameworks";
				PRODUCT_BUNDLE_IDENTIFIER = rachel.TiptipUITests;
				PRODUCT_NAME = "$(TARGET_NAME)";
				TEST_TARGET_NAME = Tiptip;
			};
			name = Debug;
		};
		CC57D7A11D1777CF00FCAACE /* Release */ = {
			isa = XCBuildConfiguration;
			buildSettings = {
				INFOPLIST_FILE = TiptipUITests/Info.plist;
				LD_RUNPATH_SEARCH_PATHS = "$(inherited) @executable_path/Frameworks @loader_path/Frameworks";
				PRODUCT_BUNDLE_IDENTIFIER = rachel.TiptipUITests;
				PRODUCT_NAME = "$(TARGET_NAME)";
				TEST_TARGET_NAME = Tiptip;
			};
			name = Release;
		};
/* End XCBuildConfiguration section */

/* Begin XCConfigurationList section */
		CC57D76C1D1777CE00FCAACE /* Build configuration list for PBXProject "Tiptip" */ = {
			isa = XCConfigurationList;
			buildConfigurations = (
				CC57D7971D1777CF00FCAACE /* Debug */,
				CC57D7981D1777CF00FCAACE /* Release */,
			);
			defaultConfigurationIsVisible = 0;
			defaultConfigurationName = Release;
		};
		CC57D7991D1777CF00FCAACE /* Build configuration list for PBXNativeTarget "Tiptip" */ = {
			isa = XCConfigurationList;
			buildConfigurations = (
				CC57D79A1D1777CF00FCAACE /* Debug */,
				CC57D79B1D1777CF00FCAACE /* Release */,
			);
			defaultConfigurationIsVisible = 0;
			defaultConfigurationName = Release;
		};
		CC57D79C1D1777CF00FCAACE /* Build configuration list for PBXNativeTarget "TiptipTests" */ = {
			isa = XCConfigurationList;
			buildConfigurations = (
				CC57D79D1D1777CF00FCAACE /* Debug */,
				CC57D79E1D1777CF00FCAACE /* Release */,
			);
			defaultConfigurationIsVisible = 0;
			defaultConfigurationName = Release;
		};
		CC57D79F1D1777CF00FCAACE /* Build configuration list for PBXNativeTarget "TiptipUITests" */ = {
			isa = XCConfigurationList;
			buildConfigurations = (
				CC57D7A01D1777CF00FCAACE /* Debug */,
				CC57D7A11D1777CF00FCAACE /* Release */,
			);
			defaultConfigurationIsVisible = 0;
			defaultConfigurationName = Release;
		};
/* End XCConfigurationList section */
	};
	rootObject = CC57D7691D1777CE00FCAACE /* Project object */;
}
